// !$*UTF8*$!
{
	archiveVersion = 1;
	classes = {
	};
	objectVersion = 77;
	objects = {

/* Begin PBXBuildFile section */
		EBC22A932E68B12600DAB369 /* CDPosts+CoreDataProperties.swift in Sources */ = {isa = PBXBuildFile; fileRef = EBC22A902E68B12600DAB369 /* CDPosts+CoreDataProperties.swift */; };
		EBC22A942E68B12600DAB369 /* CDUsers+CoreDataClass.swift in Sources */ = {isa = PBXBuildFile; fileRef = EBC22A912E68B12600DAB369 /* CDUsers+CoreDataClass.swift */; };
		EBC22A952E68B12600DAB369 /* CDAddress+CoreDataClass.swift in Sources */ = {isa = PBXBuildFile; fileRef = EBC22A892E68B12600DAB369 /* CDAddress+CoreDataClass.swift */; };
		EBC22A962E68B12600DAB369 /* CDAddress+CoreDataProperties.swift in Sources */ = {isa = PBXBuildFile; fileRef = EBC22A8A2E68B12600DAB369 /* CDAddress+CoreDataProperties.swift */; };
		EBC22A972E68B12600DAB369 /* CDGeo+CoreDataClass.swift in Sources */ = {isa = PBXBuildFile; fileRef = EBC22A8D2E68B12600DAB369 /* CDGeo+CoreDataClass.swift */; };
		EBC22A982E68B12600DAB369 /* CDGeo+CoreDataProperties.swift in Sources */ = {isa = PBXBuildFile; fileRef = EBC22A8E2E68B12600DAB369 /* CDGeo+CoreDataProperties.swift */; };
		EBC22A992E68B12600DAB369 /* CDPosts+CoreDataClass.swift in Sources */ = {isa = PBXBuildFile; fileRef = EBC22A8F2E68B12600DAB369 /* CDPosts+CoreDataClass.swift */; };
		EBC22A9A2E68B12600DAB369 /* CDUsers+CoreDataProperties.swift in Sources */ = {isa = PBXBuildFile; fileRef = EBC22A922E68B12600DAB369 /* CDUsers+CoreDataProperties.swift */; };
		EBC22A9B2E68B12600DAB369 /* CDCompany+CoreDataProperties.swift in Sources */ = {isa = PBXBuildFile; fileRef = EBC22A8C2E68B12600DAB369 /* CDCompany+CoreDataProperties.swift */; };
		EBC22A9C2E68B12600DAB369 /* CDCompany+CoreDataClass.swift in Sources */ = {isa = PBXBuildFile; fileRef = EBC22A8B2E68B12600DAB369 /* CDCompany+CoreDataClass.swift */; };
/* End PBXBuildFile section */

/* Begin PBXFileReference section */
		7B5300FF2E68415800202406 /* Iris.app */ = {isa = PBXFileReference; explicitFileType = wrapper.application; includeInIndex = 0; path = Iris.app; sourceTree = BUILT_PRODUCTS_DIR; };
		EBC22A892E68B12600DAB369 /* CDAddress+CoreDataClass.swift */ = {isa = PBXFileReference; lastKnownFileType = sourcecode.swift; name = "CDAddress+CoreDataClass.swift"; path = "Iris/Domain/Model/CoreDataModel/CDAddress+CoreDataClass.swift"; sourceTree = "<group>"; };
		EBC22A8A2E68B12600DAB369 /* CDAddress+CoreDataProperties.swift */ = {isa = PBXFileReference; lastKnownFileType = sourcecode.swift; name = "CDAddress+CoreDataProperties.swift"; path = "Iris/Domain/Model/CoreDataModel/CDAddress+CoreDataProperties.swift"; sourceTree = "<group>"; };
		EBC22A8B2E68B12600DAB369 /* CDCompany+CoreDataClass.swift */ = {isa = PBXFileReference; lastKnownFileType = sourcecode.swift; name = "CDCompany+CoreDataClass.swift"; path = "Iris/Domain/Model/CoreDataModel/CDCompany+CoreDataClass.swift"; sourceTree = "<group>"; };
		EBC22A8C2E68B12600DAB369 /* CDCompany+CoreDataProperties.swift */ = {isa = PBXFileReference; lastKnownFileType = sourcecode.swift; name = "CDCompany+CoreDataProperties.swift"; path = "Iris/Domain/Model/CoreDataModel/CDCompany+CoreDataProperties.swift"; sourceTree = "<group>"; };
		EBC22A8D2E68B12600DAB369 /* CDGeo+CoreDataClass.swift */ = {isa = PBXFileReference; lastKnownFileType = sourcecode.swift; name = "CDGeo+CoreDataClass.swift"; path = "Iris/Domain/Model/CoreDataModel/CDGeo+CoreDataClass.swift"; sourceTree = "<group>"; };
		EBC22A8E2E68B12600DAB369 /* CDGeo+CoreDataProperties.swift */ = {isa = PBXFileReference; lastKnownFileType = sourcecode.swift; name = "CDGeo+CoreDataProperties.swift"; path = "Iris/Domain/Model/CoreDataModel/CDGeo+CoreDataProperties.swift"; sourceTree = "<group>"; };
		EBC22A8F2E68B12600DAB369 /* CDPosts+CoreDataClass.swift */ = {isa = PBXFileReference; lastKnownFileType = sourcecode.swift; name = "CDPosts+CoreDataClass.swift"; path = "Iris/Domain/Model/CoreDataModel/CDPosts+CoreDataClass.swift"; sourceTree = "<group>"; };
		EBC22A902E68B12600DAB369 /* CDPosts+CoreDataProperties.swift */ = {isa = PBXFileReference; lastKnownFileType = sourcecode.swift; name = "CDPosts+CoreDataProperties.swift"; path = "Iris/Domain/Model/CoreDataModel/CDPosts+CoreDataProperties.swift"; sourceTree = "<group>"; };
		EBC22A912E68B12600DAB369 /* CDUsers+CoreDataClass.swift */ = {isa = PBXFileReference; lastKnownFileType = sourcecode.swift; name = "CDUsers+CoreDataClass.swift"; path = "Iris/Domain/Model/CoreDataModel/CDUsers+CoreDataClass.swift"; sourceTree = "<group>"; };
		EBC22A922E68B12600DAB369 /* CDUsers+CoreDataProperties.swift */ = {isa = PBXFileReference; lastKnownFileType = sourcecode.swift; name = "CDUsers+CoreDataProperties.swift"; path = "Iris/Domain/Model/CoreDataModel/CDUsers+CoreDataProperties.swift"; sourceTree = "<group>"; };
/* End PBXFileReference section */

/* Begin PBXFileSystemSynchronizedRootGroup section */
		7B5301012E68415800202406 /* Iris */ = {
			isa = PBXFileSystemSynchronizedRootGroup;
			path = Iris;
			sourceTree = "<group>";
		};
/* End PBXFileSystemSynchronizedRootGroup section */

/* Begin PBXFrameworksBuildPhase section */
		7B5300FC2E68415800202406 /* Frameworks */ = {
			isa = PBXFrameworksBuildPhase;
			buildActionMask = 2147483647;
			files = (
			);
			runOnlyForDeploymentPostprocessing = 0;
		};
/* End PBXFrameworksBuildPhase section */

/* Begin PBXGroup section */
		7B5300F62E68415800202406 = {
			isa = PBXGroup;
			children = (
				EBC22A892E68B12600DAB369 /* CDAddress+CoreDataClass.swift */,
				EBC22A8A2E68B12600DAB369 /* CDAddress+CoreDataProperties.swift */,
				EBC22A8B2E68B12600DAB369 /* CDCompany+CoreDataClass.swift */,
				EBC22A8C2E68B12600DAB369 /* CDCompany+CoreDataProperties.swift */,
				EBC22A8D2E68B12600DAB369 /* CDGeo+CoreDataClass.swift */,
				EBC22A8E2E68B12600DAB369 /* CDGeo+CoreDataProperties.swift */,
				EBC22A8F2E68B12600DAB369 /* CDPosts+CoreDataClass.swift */,
				EBC22A902E68B12600DAB369 /* CDPosts+CoreDataProperties.swift */,
				EBC22A912E68B12600DAB369 /* CDUsers+CoreDataClass.swift */,
				EBC22A922E68B12600DAB369 /* CDUsers+CoreDataProperties.swift */,
				7B5301012E68415800202406 /* Iris */,
				7B5301002E68415800202406 /* Products */,
			);
			sourceTree = "<group>";
		};
		7B5301002E68415800202406 /* Products */ = {
			isa = PBXGroup;
			children = (
				7B5300FF2E68415800202406 /* Iris.app */,
			);
			name = Products;
			sourceTree = "<group>";
		};
/* End PBXGroup section */

/* Begin PBXNativeTarget section */
		7B5300FE2E68415800202406 /* Iris */ = {
			isa = PBXNativeTarget;
			buildConfigurationList = 7B53010D2E68415A00202406 /* Build configuration list for PBXNativeTarget "Iris" */;
			buildPhases = (
				7B5300FB2E68415800202406 /* Sources */,
				7B5300FC2E68415800202406 /* Frameworks */,
				7B5300FD2E68415800202406 /* Resources */,
			);
			buildRules = (
			);
			dependencies = (
			);
			fileSystemSynchronizedGroups = (
				7B5301012E68415800202406 /* Iris */,
			);
			name = Iris;
			packageProductDependencies = (
			);
			productName = Iris;
			productReference = 7B5300FF2E68415800202406 /* Iris.app */;
			productType = "com.apple.product-type.application";
		};
/* End PBXNativeTarget section */

/* Begin PBXProject section */
		7B5300F72E68415800202406 /* Project object */ = {
			isa = PBXProject;
			attributes = {
				BuildIndependentTargetsInParallel = 1;
				LastSwiftUpdateCheck = 1620;
				LastUpgradeCheck = 1620;
				TargetAttributes = {
					7B5300FE2E68415800202406 = {
						CreatedOnToolsVersion = 16.2;
					};
				};
			};
			buildConfigurationList = 7B5300FA2E68415800202406 /* Build configuration list for PBXProject "Iris" */;
			developmentRegion = en;
			hasScannedForEncodings = 0;
			knownRegions = (
				en,
				Base,
			);
			mainGroup = 7B5300F62E68415800202406;
			minimizedProjectReferenceProxies = 1;
			preferredProjectObjectVersion = 77;
			productRefGroup = 7B5301002E68415800202406 /* Products */;
			projectDirPath = "";
			projectRoot = "";
			targets = (
				7B5300FE2E68415800202406 /* Iris */,
			);
		};
/* End PBXProject section */

/* Begin PBXResourcesBuildPhase section */
		7B5300FD2E68415800202406 /* Resources */ = {
			isa = PBXResourcesBuildPhase;
			buildActionMask = 2147483647;
			files = (
			);
			runOnlyForDeploymentPostprocessing = 0;
		};
/* End PBXResourcesBuildPhase section */

/* Begin PBXSourcesBuildPhase section */
		7B5300FB2E68415800202406 /* Sources */ = {
			isa = PBXSourcesBuildPhase;
			buildActionMask = 2147483647;
			files = (
				EBC22A932E68B12600DAB369 /* CDPosts+CoreDataProperties.swift in Sources */,
				EBC22A942E68B12600DAB369 /* CDUsers+CoreDataClass.swift in Sources */,
				EBC22A952E68B12600DAB369 /* CDAddress+CoreDataClass.swift in Sources */,
				EBC22A962E68B12600DAB369 /* CDAddress+CoreDataProperties.swift in Sources */,
				EBC22A972E68B12600DAB369 /* CDGeo+CoreDataClass.swift in Sources */,
				EBC22A982E68B12600DAB369 /* CDGeo+CoreDataProperties.swift in Sources */,
				EBC22A992E68B12600DAB369 /* CDPosts+CoreDataClass.swift in Sources */,
				EBC22A9A2E68B12600DAB369 /* CDUsers+CoreDataProperties.swift in Sources */,
				EBC22A9B2E68B12600DAB369 /* CDCompany+CoreDataProperties.swift in Sources */,
				EBC22A9C2E68B12600DAB369 /* CDCompany+CoreDataClass.swift in Sources */,
			);
			runOnlyForDeploymentPostprocessing = 0;
		};
/* End PBXSourcesBuildPhase section */

/* Begin XCBuildConfiguration section */
		7B53010B2E68415A00202406 /* Debug */ = {
			isa = XCBuildConfiguration;
			buildSettings = {
				ALWAYS_SEARCH_USER_PATHS = NO;
				ASSETCATALOG_COMPILER_GENERATE_SWIFT_ASSET_SYMBOL_EXTENSIONS = YES;
				CLANG_ANALYZER_NONNULL = YES;
				CLANG_ANALYZER_NUMBER_OBJECT_CONVERSION = YES_AGGRESSIVE;
				CLANG_CXX_LANGUAGE_STANDARD = "gnu++20";
				CLANG_ENABLE_MODULES = YES;
				CLANG_ENABLE_OBJC_ARC = YES;
				CLANG_ENABLE_OBJC_WEAK = YES;
				CLANG_WARN_BLOCK_CAPTURE_AUTORELEASING = YES;
				CLANG_WARN_BOOL_CONVERSION = YES;
				CLANG_WARN_COMMA = YES;
				CLANG_WARN_CONSTANT_CONVERSION = YES;
				CLANG_WARN_DEPRECATED_OBJC_IMPLEMENTATIONS = YES;
				CLANG_WARN_DIRECT_OBJC_ISA_USAGE = YES_ERROR;
				CLANG_WARN_DOCUMENTATION_COMMENTS = YES;
				CLANG_WARN_EMPTY_BODY = YES;
				CLANG_WARN_ENUM_CONVERSION = YES;
				CLANG_WARN_INFINITE_RECURSION = YES;
				CLANG_WARN_INT_CONVERSION = YES;
				CLANG_WARN_NON_LITERAL_NULL_CONVERSION = YES;
				CLANG_WARN_OBJC_IMPLICIT_RETAIN_SELF = YES;
				CLANG_WARN_OBJC_LITERAL_CONVERSION = YES;
				CLANG_WARN_OBJC_ROOT_CLASS = YES_ERROR;
				CLANG_WARN_QUOTED_INCLUDE_IN_FRAMEWORK_HEADER = YES;
				CLANG_WARN_RANGE_LOOP_ANALYSIS = YES;
				CLANG_WARN_STRICT_PROTOTYPES = YES;
				CLANG_WARN_SUSPICIOUS_MOVE = YES;
				CLANG_WARN_UNGUARDED_AVAILABILITY = YES_AGGRESSIVE;
				CLANG_WARN_UNREACHABLE_CODE = YES;
				CLANG_WARN__DUPLICATE_METHOD_MATCH = YES;
				COPY_PHASE_STRIP = NO;
				DEBUG_INFORMATION_FORMAT = dwarf;
				ENABLE_STRICT_OBJC_MSGSEND = YES;
				ENABLE_TESTABILITY = YES;
				ENABLE_USER_SCRIPT_SANDBOXING = YES;
				GCC_C_LANGUAGE_STANDARD = gnu17;
				GCC_DYNAMIC_NO_PIC = NO;
				GCC_NO_COMMON_BLOCKS = YES;
				GCC_OPTIMIZATION_LEVEL = 0;
				GCC_PREPROCESSOR_DEFINITIONS = (
					"DEBUG=1",
					"$(inherited)",
				);
				GCC_WARN_64_TO_32_BIT_CONVERSION = YES;
				GCC_WARN_ABOUT_RETURN_TYPE = YES_ERROR;
				GCC_WARN_UNDECLARED_SELECTOR = YES;
				GCC_WARN_UNINITIALIZED_AUTOS = YES_AGGRESSIVE;
				GCC_WARN_UNUSED_FUNCTION = YES;
				GCC_WARN_UNUSED_VARIABLE = YES;
				IPHONEOS_DEPLOYMENT_TARGET = 18.2;
				LOCALIZATION_PREFERS_STRING_CATALOGS = YES;
				MTL_ENABLE_DEBUG_INFO = INCLUDE_SOURCE;
				MTL_FAST_MATH = YES;
				ONLY_ACTIVE_ARCH = YES;
				SDKROOT = iphoneos;
				SWIFT_ACTIVE_COMPILATION_CONDITIONS = "DEBUG $(inherited)";
				SWIFT_OPTIMIZATION_LEVEL = "-Onone";
			};
			name = Debug;
		};
		7B53010C2E68415A00202406 /* Release */ = {
			isa = XCBuildConfiguration;
			buildSettings = {
				ALWAYS_SEARCH_USER_PATHS = NO;
				ASSETCATALOG_COMPILER_GENERATE_SWIFT_ASSET_SYMBOL_EXTENSIONS = YES;
				CLANG_ANALYZER_NONNULL = YES;
				CLANG_ANALYZER_NUMBER_OBJECT_CONVERSION = YES_AGGRESSIVE;
				CLANG_CXX_LANGUAGE_STANDARD = "gnu++20";
				CLANG_ENABLE_MODULES = YES;
				CLANG_ENABLE_OBJC_ARC = YES;
				CLANG_ENABLE_OBJC_WEAK = YES;
				CLANG_WARN_BLOCK_CAPTURE_AUTORELEASING = YES;
				CLANG_WARN_BOOL_CONVERSION = YES;
				CLANG_WARN_COMMA = YES;
				CLANG_WARN_CONSTANT_CONVERSION = YES;
				CLANG_WARN_DEPRECATED_OBJC_IMPLEMENTATIONS = YES;
				CLANG_WARN_DIRECT_OBJC_ISA_USAGE = YES_ERROR;
				CLANG_WARN_DOCUMENTATION_COMMENTS = YES;
				CLANG_WARN_EMPTY_BODY = YES;
				CLANG_WARN_ENUM_CONVERSION = YES;
				CLANG_WARN_INFINITE_RECURSION = YES;
				CLANG_WARN_INT_CONVERSION = YES;
				CLANG_WARN_NON_LITERAL_NULL_CONVERSION = YES;
				CLANG_WARN_OBJC_IMPLICIT_RETAIN_SELF = YES;
				CLANG_WARN_OBJC_LITERAL_CONVERSION = YES;
				CLANG_WARN_OBJC_ROOT_CLASS = YES_ERROR;
				CLANG_WARN_QUOTED_INCLUDE_IN_FRAMEWORK_HEADER = YES;
				CLANG_WARN_RANGE_LOOP_ANALYSIS = YES;
				CLANG_WARN_STRICT_PROTOTYPES = YES;
				CLANG_WARN_SUSPICIOUS_MOVE = YES;
				CLANG_WARN_UNGUARDED_AVAILABILITY = YES_AGGRESSIVE;
				CLANG_WARN_UNREACHABLE_CODE = YES;
				CLANG_WARN__DUPLICATE_METHOD_MATCH = YES;
				COPY_PHASE_STRIP = NO;
				DEBUG_INFORMATION_FORMAT = "dwarf-with-dsym";
				ENABLE_NS_ASSERTIONS = NO;
				ENABLE_STRICT_OBJC_MSGSEND = YES;
				ENABLE_USER_SCRIPT_SANDBOXING = YES;
				GCC_C_LANGUAGE_STANDARD = gnu17;
				GCC_NO_COMMON_BLOCKS = YES;
				GCC_WARN_64_TO_32_BIT_CONVERSION = YES;
				GCC_WARN_ABOUT_RETURN_TYPE = YES_ERROR;
				GCC_WARN_UNDECLARED_SELECTOR = YES;
				GCC_WARN_UNINITIALIZED_AUTOS = YES_AGGRESSIVE;
				GCC_WARN_UNUSED_FUNCTION = YES;
				GCC_WARN_UNUSED_VARIABLE = YES;
				IPHONEOS_DEPLOYMENT_TARGET = 18.2;
				LOCALIZATION_PREFERS_STRING_CATALOGS = YES;
				MTL_ENABLE_DEBUG_INFO = NO;
				MTL_FAST_MATH = YES;
				SDKROOT = iphoneos;
				SWIFT_COMPILATION_MODE = wholemodule;
				VALIDATE_PRODUCT = YES;
			};
			name = Release;
		};
		7B53010E2E68415A00202406 /* Debug */ = {
			isa = XCBuildConfiguration;
			buildSettings = {
				ASSETCATALOG_COMPILER_APPICON_NAME = AppIcon;
				ASSETCATALOG_COMPILER_GLOBAL_ACCENT_COLOR_NAME = AccentColor;
				CODE_SIGN_IDENTITY = "Apple Development";
				CODE_SIGN_STYLE = Automatic;
				CURRENT_PROJECT_VERSION = 1;
				DEVELOPMENT_ASSET_PATHS = "";
				DEVELOPMENT_TEAM = QDRYKPKM75;
				ENABLE_PREVIEWS = YES;
				GENERATE_INFOPLIST_FILE = YES;
				INFOPLIST_KEY_UIApplicationSceneManifest_Generation = YES;
				INFOPLIST_KEY_UIApplicationSupportsIndirectInputEvents = YES;
				INFOPLIST_KEY_UILaunchScreen_Generation = YES;
				INFOPLIST_KEY_UISupportedInterfaceOrientations_iPad = "UIInterfaceOrientationPortrait UIInterfaceOrientationPortraitUpsideDown UIInterfaceOrientationLandscapeLeft UIInterfaceOrientationLandscapeRight";
				INFOPLIST_KEY_UISupportedInterfaceOrientations_iPhone = "UIInterfaceOrientationPortrait UIInterfaceOrientationLandscapeLeft UIInterfaceOrientationLandscapeRight";
				IPHONEOS_DEPLOYMENT_TARGET = 15.6;
				LD_RUNPATH_SEARCH_PATHS = (
					"$(inherited)",
					"@executable_path/Frameworks",
				);
				MARKETING_VERSION = 1.0;
				PRODUCT_BUNDLE_IDENTIFIER = com.flagmanpartner.development;
				PRODUCT_NAME = "$(TARGET_NAME)";
				PROVISIONING_PROFILE_SPECIFIER = "";
				SWIFT_EMIT_LOC_STRINGS = YES;
				SWIFT_VERSION = 5.0;
				TARGETED_DEVICE_FAMILY = "1,2";
			};
			name = Debug;
		};
		7B53010F2E68415A00202406 /* Release */ = {
			isa = XCBuildConfiguration;
			buildSettings = {
				ASSETCATALOG_COMPILER_APPICON_NAME = AppIcon;
				ASSETCATALOG_COMPILER_GLOBAL_ACCENT_COLOR_NAME = AccentColor;
				CODE_SIGN_IDENTITY = "Apple Development";
				CODE_SIGN_STYLE = Automatic;
				CURRENT_PROJECT_VERSION = 1;
				DEVELOPMENT_ASSET_PATHS = "";
				DEVELOPMENT_TEAM = QDRYKPKM75;
				ENABLE_PREVIEWS = YES;
				GENERATE_INFOPLIST_FILE = YES;
				INFOPLIST_KEY_UIApplicationSceneManifest_Generation = YES;
				INFOPLIST_KEY_UIApplicationSupportsIndirectInputEvents = YES;
				INFOPLIST_KEY_UILaunchScreen_Generation = YES;
				INFOPLIST_KEY_UISupportedInterfaceOrientations_iPad = "UIInterfaceOrientationPortrait UIInterfaceOrientationPortraitUpsideDown UIInterfaceOrientationLandscapeLeft UIInterfaceOrientationLandscapeRight";
				INFOPLIST_KEY_UISupportedInterfaceOrientations_iPhone = "UIInterfaceOrientationPortrait UIInterfaceOrientationLandscapeLeft UIInterfaceOrientationLandscapeRight";
				IPHONEOS_DEPLOYMENT_TARGET = 15.6;
				LD_RUNPATH_SEARCH_PATHS = (
					"$(inherited)",
					"@executable_path/Frameworks",
				);
				MARKETING_VERSION = 1.0;
				PRODUCT_BUNDLE_IDENTIFIER = com.flagmanpartner.development;
				PRODUCT_NAME = "$(TARGET_NAME)";
				PROVISIONING_PROFILE_SPECIFIER = "";
				SWIFT_EMIT_LOC_STRINGS = YES;
				SWIFT_VERSION = 5.0;
				TARGETED_DEVICE_FAMILY = "1,2";
			};
			name = Release;
		};
/* End XCBuildConfiguration section */

/* Begin XCConfigurationList section */
		7B5300FA2E68415800202406 /* Build configuration list for PBXProject "Iris" */ = {
			isa = XCConfigurationList;
			buildConfigurations = (
				7B53010B2E68415A00202406 /* Debug */,
				7B53010C2E68415A00202406 /* Release */,
			);
			defaultConfigurationIsVisible = 0;
			defaultConfigurationName = Release;
		};
		7B53010D2E68415A00202406 /* Build configuration list for PBXNativeTarget "Iris" */ = {
			isa = XCConfigurationList;
			buildConfigurations = (
				7B53010E2E68415A00202406 /* Debug */,
				7B53010F2E68415A00202406 /* Release */,
			);
			defaultConfigurationIsVisible = 0;
			defaultConfigurationName = Release;
		};
/* End XCConfigurationList section */
	};
	rootObject = 7B5300F72E68415800202406 /* Project object */;
}
